
Microsoft Visual Studio Solution File, Format Version 12.00
# Visual Studio Version 16
VisualStudioVersion = 16.6.30114.105
MinimumVisualStudioVersion = 10.0.40219.1
Project("{FAE04EC0-301F-11D3-BF4B-00C04F79EFBC}") = "API", "API\API.csproj", "{BCADB67C-4799-426E-BD5B-7B11692F5E8E}"
EndProject
Project("{FAE04EC0-301F-11D3-BF4B-00C04F79EFBC}") = "Application", "Application\Application.csproj", "{22999AA5-19B5-4EB1-A11C-C1D31D153488}"
EndProject
Project("{FAE04EC0-301F-11D3-BF4B-00C04F79EFBC}") = "Persistence", "Persistence\Persistence.csproj", "{B2841BBD-AD2C-4163-9CF4-265E8FEC0110}"
EndProject
Project("{FAE04EC0-301F-11D3-BF4B-00C04F79EFBC}") = "Domain", "Domain\Domain.csproj", "{0FC263D8-B947-4099-9F68-7FFFF09942E2}"
EndProject
Global
	GlobalSection(SolutionConfigurationPlatforms) = preSolution
		Debug|Any CPU = Debug|Any CPU
		Debug|x64 = Debug|x64
		Debug|x86 = Debug|x86
		Release|Any CPU = Release|Any CPU
		Release|x64 = Release|x64
		Release|x86 = Release|x86
	EndGlobalSection
	GlobalSection(SolutionProperties) = preSolution
		HideSolutionNode = FALSE
	EndGlobalSection
	GlobalSection(ProjectConfigurationPlatforms) = postSolution
		{BCADB67C-4799-426E-BD5B-7B11692F5E8E}.Debug|Any CPU.ActiveCfg = Debug|Any CPU
		{BCADB67C-4799-426E-BD5B-7B11692F5E8E}.Debug|Any CPU.Build.0 = Debug|Any CPU
		{BCADB67C-4799-426E-BD5B-7B11692F5E8E}.Debug|x64.ActiveCfg = Debug|Any CPU
		{BCADB67C-4799-426E-BD5B-7B11692F5E8E}.Debug|x64.Build.0 = Debug|Any CPU
		{BCADB67C-4799-426E-BD5B-7B11692F5E8E}.Debug|x86.ActiveCfg = Debug|Any CPU
		{BCADB67C-4799-426E-BD5B-7B11692F5E8E}.Debug|x86.Build.0 = Debug|Any CPU
		{BCADB67C-4799-426E-BD5B-7B11692F5E8E}.Release|Any CPU.ActiveCfg = Release|Any CPU
		{BCADB67C-4799-426E-BD5B-7B11692F5E8E}.Release|Any CPU.Build.0 = Release|Any CPU
		{BCADB67C-4799-426E-BD5B-7B11692F5E8E}.Release|x64.ActiveCfg = Release|Any CPU
		{BCADB67C-4799-426E-BD5B-7B11692F5E8E}.Release|x64.Build.0 = Release|Any CPU
		{BCADB67C-4799-426E-BD5B-7B11692F5E8E}.Release|x86.ActiveCfg = Release|Any CPU
		{BCADB67C-4799-426E-BD5B-7B11692F5E8E}.Release|x86.Build.0 = Release|Any CPU
		{22999AA5-19B5-4EB1-A11C-C1D31D153488}.Debug|Any CPU.ActiveCfg = Debug|Any CPU
		{22999AA5-19B5-4EB1-A11C-C1D31D153488}.Debug|Any CPU.Build.0 = Debug|Any CPU
		{22999AA5-19B5-4EB1-A11C-C1D31D153488}.Debug|x64.ActiveCfg = Debug|Any CPU
		{22999AA5-19B5-4EB1-A11C-C1D31D153488}.Debug|x64.Build.0 = Debug|Any CPU
		{22999AA5-19B5-4EB1-A11C-C1D31D153488}.Debug|x86.ActiveCfg = Debug|Any CPU
		{22999AA5-19B5-4EB1-A11C-C1D31D153488}.Debug|x86.Build.0 = Debug|Any CPU
		{22999AA5-19B5-4EB1-A11C-C1D31D153488}.Release|Any CPU.ActiveCfg = Release|Any CPU
		{22999AA5-19B5-4EB1-A11C-C1D31D153488}.Release|Any CPU.Build.0 = Release|Any CPU
		{22999AA5-19B5-4EB1-A11C-C1D31D153488}.Release|x64.ActiveCfg = Release|Any CPU
		{22999AA5-19B5-4EB1-A11C-C1D31D153488}.Release|x64.Build.0 = Release|Any CPU
		{22999AA5-19B5-4EB1-A11C-C1D31D153488}.Release|x86.ActiveCfg = Release|Any CPU
		{22999AA5-19B5-4EB1-A11C-C1D31D153488}.Release|x86.Build.0 = Release|Any CPU
		{B2841BBD-AD2C-4163-9CF4-265E8FEC0110}.Debug|Any CPU.ActiveCfg = Debug|Any CPU
		{B2841BBD-AD2C-4163-9CF4-265E8FEC0110}.Debug|Any CPU.Build.0 = Debug|Any CPU
		{B2841BBD-AD2C-4163-9CF4-265E8FEC0110}.Debug|x64.ActiveCfg = Debug|Any CPU
		{B2841BBD-AD2C-4163-9CF4-265E8FEC0110}.Debug|x64.Build.0 = Debug|Any CPU
		{B2841BBD-AD2C-4163-9CF4-265E8FEC0110}.Debug|x86.ActiveCfg = Debug|Any CPU
		{B2841BBD-AD2C-4163-9CF4-265E8FEC0110}.Debug|x86.Build.0 = Debug|Any CPU
		{B2841BBD-AD2C-4163-9CF4-265E8FEC0110}.Release|Any CPU.ActiveCfg = Release|Any CPU
		{B2841BBD-AD2C-4163-9CF4-265E8FEC0110}.Release|Any CPU.Build.0 = Release|Any CPU
		{B2841BBD-AD2C-4163-9CF4-265E8FEC0110}.Release|x64.ActiveCfg = Release|Any CPU
		{B2841BBD-AD2C-4163-9CF4-265E8FEC0110}.Release|x64.Build.0 = Release|Any CPU
		{B2841BBD-AD2C-4163-9CF4-265E8FEC0110}.Release|x86.ActiveCfg = Release|Any CPU
		{B2841BBD-AD2C-4163-9CF4-265E8FEC0110}.Release|x86.Build.0 = Release|Any CPU
		{0FC263D8-B947-4099-9F68-7FFFF09942E2}.Debug|Any CPU.ActiveCfg = Debug|Any CPU
		{0FC263D8-B947-4099-9F68-7FFFF09942E2}.Debug|Any CPU.Build.0 = Debug|Any CPU
		{0FC263D8-B947-4099-9F68-7FFFF09942E2}.Debug|x64.ActiveCfg = Debug|Any CPU
		{0FC263D8-B947-4099-9F68-7FFFF09942E2}.Debug|x64.Build.0 = Debug|Any CPU
		{0FC263D8-B947-4099-9F68-7FFFF09942E2}.Debug|x86.ActiveCfg = Debug|Any CPU
		{0FC263D8-B947-4099-9F68-7FFFF09942E2}.Debug|x86.Build.0 = Debug|Any CPU
		{0FC263D8-B947-4099-9F68-7FFFF09942E2}.Release|Any CPU.ActiveCfg = Release|Any CPU
		{0FC263D8-B947-4099-9F68-7FFFF09942E2}.Release|Any CPU.Build.0 = Release|Any CPU
		{0FC263D8-B947-4099-9F68-7FFFF09942E2}.Release|x64.ActiveCfg = Release|Any CPU
		{0FC263D8-B947-4099-9F68-7FFFF09942E2}.Release|x64.Build.0 = Release|Any CPU
		{0FC263D8-B947-4099-9F68-7FFFF09942E2}.Release|x86.ActiveCfg = Release|Any CPU
		{0FC263D8-B947-4099-9F68-7FFFF09942E2}.Release|x86.Build.0 = Release|Any CPU
	EndGlobalSection
EndGlobal
